
Microsoft Visual Studio Solution File, Format Version 12.00
# Visual Studio 15
VisualStudioVersion = 15.0.27703.2026
MinimumVisualStudioVersion = 10.0.40219.1
Project("{FAE04EC0-301F-11D3-BF4B-00C04F79EFBC}") = "SentinelDataAccess", "SentinelDataAccess\SentinelDataAccess.csproj", "{BC4D3F73-CF2C-41D5-AE7C-6845BB2CD1FE}"
EndProject
Project("{FAE04EC0-301F-11D3-BF4B-00C04F79EFBC}") = "SentinelAgentWebClient", "SentinelAgentWebClient\SentinelAgentWebClient.csproj", "{946B3B20-367F-4F04-B9DA-3B02E92E5177}"
EndProject
Project("{FAE04EC0-301F-11D3-BF4B-00C04F79EFBC}") = "SentinelUsers", "SentinelUsers\SentinelUsers.csproj", "{D92D6878-2693-4CED-8C1F-BB4D33D49167}"
EndProject
Global
	GlobalSection(SolutionConfigurationPlatforms) = preSolution
		Debug|Any CPU = Debug|Any CPU
		Release|Any CPU = Release|Any CPU
	EndGlobalSection
	GlobalSection(ProjectConfigurationPlatforms) = postSolution
		{BC4D3F73-CF2C-41D5-AE7C-6845BB2CD1FE}.Debug|Any CPU.ActiveCfg = Debug|Any CPU
		{BC4D3F73-CF2C-41D5-AE7C-6845BB2CD1FE}.Debug|Any CPU.Build.0 = Debug|Any CPU
		{BC4D3F73-CF2C-41D5-AE7C-6845BB2CD1FE}.Release|Any CPU.ActiveCfg = Release|Any CPU
		{BC4D3F73-CF2C-41D5-AE7C-6845BB2CD1FE}.Release|Any CPU.Build.0 = Release|Any CPU
		{946B3B20-367F-4F04-B9DA-3B02E92E5177}.Debug|Any CPU.ActiveCfg = Debug|Any CPU
		{946B3B20-367F-4F04-B9DA-3B02E92E5177}.Debug|Any CPU.Build.0 = Debug|Any CPU
		{946B3B20-367F-4F04-B9DA-3B02E92E5177}.Release|Any CPU.ActiveCfg = Release|Any CPU
		{946B3B20-367F-4F04-B9DA-3B02E92E5177}.Release|Any CPU.Build.0 = Release|Any CPU
		{D92D6878-2693-4CED-8C1F-BB4D33D49167}.Debug|Any CPU.ActiveCfg = Debug|Any CPU
		{D92D6878-2693-4CED-8C1F-BB4D33D49167}.Debug|Any CPU.Build.0 = Debug|Any CPU
		{D92D6878-2693-4CED-8C1F-BB4D33D49167}.Release|Any CPU.ActiveCfg = Release|Any CPU
		{D92D6878-2693-4CED-8C1F-BB4D33D49167}.Release|Any CPU.Build.0 = Release|Any CPU
	EndGlobalSection
	GlobalSection(SolutionProperties) = preSolution
		HideSolutionNode = FALSE
	EndGlobalSection
	GlobalSection(ExtensibilityGlobals) = postSolution
		SolutionGuid = {349696A9-E36F-442F-B942-ADEA7883A105}
	EndGlobalSection
EndGlobal
